{
  "name": "hookup",
  "version": "0.1.1",
  "lockfileVersion": 1,
  "dependencies": {
    "@ptomasroos/react-native-multi-slider": {
      "version": "0.0.8",
      "resolved": "https://registry.npmjs.org/@ptomasroos/react-native-multi-slider/-/react-native-multi-slider-0.0.8.tgz",
      "integrity": "sha1-huuKFhfP4Gmqp9E4E2YZ+uQ0sE8="
    }
  }
}
